schema: '2.0'
stages:
  get_data:
    cmd: python src/stage_01_load_save.py
    deps:
    - path: configs/config.yaml
      md5: 4d051b0ff477ecb1ac1c9d91b34cb90c
      size: 409
    - path: src/stage_01_load_save.py
      md5: ef0160aeac1404984dcb521c752d426b
      size: 1807
    - path: src/utils/common.py
      md5: 5cde943b33d657763bb3b6f47bdb3bd3
      size: 806
    outs:
    - path: artifacts/raw_local_dir/data.csv
      md5: 7d814a1bda02145efe703f4e1c01847a
      size: 93599
  split_data:
    cmd: python src/stage_02_split_data.py
    deps:
    - path: artifacts/raw_local_dir/data.csv
      md5: 7d814a1bda02145efe703f4e1c01847a
      size: 93599
    - path: configs/config.yaml
      md5: 4d051b0ff477ecb1ac1c9d91b34cb90c
      size: 409
    - path: src/stage_02_split_data.py
      md5: 7ce2c1162e92a3532732b11576199d53
      size: 2530
    - path: src/utils/common.py
      md5: 5cde943b33d657763bb3b6f47bdb3bd3
      size: 806
    params:
      params.yaml:
        base.random_state: 10
        base.test_size: 0.3
    outs:
    - path: artifacts/split_data_dir/test.csv
      md5: ce7bc89690a96c1c21c4ec7ce1d0dd33
      size: 28156
    - path: artifacts/split_data_dir/train.csv
      md5: 41b56e3a84bcf554d733ac04b359fb92
      size: 65590
  train_data:
    cmd: python src/stage_03_train.py
    deps:
    - path: artifacts/split_data_dir/train.csv
      md5: 41b56e3a84bcf554d733ac04b359fb92
      size: 65590
    - path: configs/config.yaml
      md5: 4d051b0ff477ecb1ac1c9d91b34cb90c
      size: 409
    - path: src/stage_03_train.py
      md5: 8f0294518d5c4c44067fa056bd2bd1e0
      size: 2460
    - path: src/utils/common.py
      md5: 5cde943b33d657763bb3b6f47bdb3bd3
      size: 806
    params:
      params.yaml:
        model_params.ElasticNet.alpha: 0.7
        model_params.ElasticNet.l1_ratio: 0.7
    outs:
    - path: artifacts/model_dir/model.pkl
      md5: 19d7e4ce8b6a153f7df03feaa609ea3b
      size: 1198
  evaluate:
    cmd: python src/stage_04_evaluate.py
    deps:
    - path: artifacts/model_dir/model.pkl
      md5: 19d7e4ce8b6a153f7df03feaa609ea3b
      size: 1198
    - path: artifacts/split_data_dir/test.csv
      md5: ce7bc89690a96c1c21c4ec7ce1d0dd33
      size: 28156
    - path: configs/config.yaml
      md5: 4d051b0ff477ecb1ac1c9d91b34cb90c
      size: 409
    - path: src/stage_04_evaluate.py
      md5: a85b57334f4cb6dc8b11749b030c7545
      size: 2683
    - path: src/utils/common.py
      md5: 5cde943b33d657763bb3b6f47bdb3bd3
      size: 806
    outs:
    - path: scores.json
      md5: 670181ea57039cf15160f682f75d3a55
      size: 106
