schema: '2.0'
stages:
  get_data:
    cmd: python src/stage_01_load_save.py
    deps:
    - path: src/stage_01_load_save.py
      md5: 92cb5458cdc3e5c74b408843b10b4239
      size: 1698
    - path: src/utils/common.py
      md5: 5cde943b33d657763bb3b6f47bdb3bd3
      size: 806
    outs:
    - path: artifacts/raw_local_dir/data.csv
      md5: 7d814a1bda02145efe703f4e1c01847a
      size: 93599
  split_data:
    cmd: python src/stage_02_split_data.py
    deps:
    - path: artifacts/raw_local_dir/data.csv
      md5: 7d814a1bda02145efe703f4e1c01847a
      size: 93599
    - path: src/stage_02_split_data.py
      md5: 7ce2c1162e92a3532732b11576199d53
      size: 2530
    - path: src/utils/common.py
      md5: 5cde943b33d657763bb3b6f47bdb3bd3
      size: 806
    outs:
    - path: artifacts/split_data_dir/test.csv
      md5: b060ffecce6cf54397d6d68a23de4c9c
      size: 28169
    - path: artifacts/split_data_dir/train.csv
      md5: 72783c4135bdd7a99e4e88377bf23226
      size: 65577
  train_data:
    cmd: python src/stage_03_train.py
    deps:
    - path: artifacts/split_data_dir/train.csv
      md5: 72783c4135bdd7a99e4e88377bf23226
      size: 65577
    - path: src/stage_03_train.py
      md5: 8f0294518d5c4c44067fa056bd2bd1e0
      size: 2460
    - path: src/utils/common.py
      md5: 5cde943b33d657763bb3b6f47bdb3bd3
      size: 806
    outs:
    - path: artifacts/model_dir/model.pkl
      md5: c45fda13723a4050685a9c77ac7cbe51
      size: 1198
  evaluate:
    cmd: python src/stage_04_evaluate.py
    deps:
    - path: artifacts/model_dir/model.pkl
      md5: c45fda13723a4050685a9c77ac7cbe51
      size: 1198
    - path: artifacts/split_data_dir/test.csv
      md5: b060ffecce6cf54397d6d68a23de4c9c
      size: 28169
    - path: src/stage_04_evaluate.py
      md5: 1bd056c5d47fd7b5a06ff16479494721
      size: 2726
    - path: src/utils/common.py
      md5: 5cde943b33d657763bb3b6f47bdb3bd3
      size: 806
    outs:
    - path: scores.json
      md5: b27818834911d45cf8ad51ebf71ac69a
      size: 105
