schema: '2.0'
stages:
  get_data:
    cmd: python src/stage_01_load_save.py
    deps:
    - path: src/stage_01_load_save.py
      md5: 92cb5458cdc3e5c74b408843b10b4239
      size: 1698
    - path: src/utils/common.py
      md5: 5cde943b33d657763bb3b6f47bdb3bd3
      size: 806
    outs:
    - path: artifacts/raw_local_dir/data.csv
      md5: 7d814a1bda02145efe703f4e1c01847a
      size: 93599
  split_data:
    cmd: python src/stage_02_split_data.py
    deps:
    - path: artifacts/raw_local_dir/data.csv
      md5: 7d814a1bda02145efe703f4e1c01847a
      size: 93599
    - path: src/stage_02_split_data.py
      md5: 7ce2c1162e92a3532732b11576199d53
      size: 2530
    - path: src/utils/common.py
      md5: 5cde943b33d657763bb3b6f47bdb3bd3
      size: 806
    outs:
    - path: artifacts/split_data_dir/test.csv
      md5: 6969bebe0b802848ec2fb45ddbb94dde
      size: 28176
    - path: artifacts/split_data_dir/train.csv
      md5: cc269a42418c95ca73b9c6aa13558b6c
      size: 65570
  train_data:
    cmd: python src/stage_03_train.py
    deps:
    - path: artifacts/split_data_dir/test.csv
      md5: 6969bebe0b802848ec2fb45ddbb94dde
      size: 28176
    - path: artifacts/split_data_dir/train.csv
      md5: cc269a42418c95ca73b9c6aa13558b6c
      size: 65570
    - path: src/stage_03_train.py
      md5: 8f0294518d5c4c44067fa056bd2bd1e0
      size: 2460
    - path: src/utils/common.py
      md5: 5cde943b33d657763bb3b6f47bdb3bd3
      size: 806
    outs:
    - path: artifacts/model_dir/model.pkl
      md5: 7611afda19a0b78fe06c0bf68729657c
      size: 1198
